
Microsoft Visual Studio Solution File, Format Version 12.00
# Visual Studio Version 17
VisualStudioVersion = 17.14.37012.4
MinimumVisualStudioVersion = 10.0.40219.1
Project("{FAE04EC0-301F-11D3-BF4B-00C04F79EFBC}") = "SistemaGestionHorarios", "SistemaGestionHorarios\SistemaGestionHorarios.csproj", "{36266A00-1A5A-4100-BC97-3462135DD947}"
EndProject
Global
	GlobalSection(SolutionConfigurationPlatforms) = preSolution
		Debug|Any CPU = Debug|Any CPU
		Release|Any CPU = Release|Any CPU
	EndGlobalSection
	GlobalSection(ProjectConfigurationPlatforms) = postSolution
		{36266A00-1A5A-4100-BC97-3462135DD947}.Debug|Any CPU.ActiveCfg = Debug|Any CPU
		{36266A00-1A5A-4100-BC97-3462135DD947}.Debug|Any CPU.Build.0 = Debug|Any CPU
		{36266A00-1A5A-4100-BC97-3462135DD947}.Release|Any CPU.ActiveCfg = Release|Any CPU
		{36266A00-1A5A-4100-BC97-3462135DD947}.Release|Any CPU.Build.0 = Release|Any CPU
	EndGlobalSection
	GlobalSection(SolutionProperties) = preSolution
		HideSolutionNode = FALSE
	EndGlobalSection
	GlobalSection(ExtensibilityGlobals) = postSolution
		SolutionGuid = {64253D2A-FD0B-491E-8157-1DF2AA876FC3}
	EndGlobalSection
EndGlobal
